
Microsoft Visual Studio Solution File, Format Version 12.00
# Visual Studio 15
VisualStudioVersion = 15.0.28307.539
MinimumVisualStudioVersion = 10.0.40219.1
Project("{FAE04EC0-301F-11D3-BF4B-00C04F79EFBC}") = "SecondCItyClean.Android", "SecondCItyClean\SecondCItyClean.Android\SecondCItyClean.Android.csproj", "{7F1BBFCD-9145-472E-8CEE-DF2206455FE8}"
EndProject
Project("{FAE04EC0-301F-11D3-BF4B-00C04F79EFBC}") = "SecondCItyClean.iOS", "SecondCItyClean\SecondCItyClean.iOS\SecondCItyClean.iOS.csproj", "{414CDBE3-D1BB-43F1-9BB7-29B97F790002}"
EndProject
Project("{FAE04EC0-301F-11D3-BF4B-00C04F79EFBC}") = "SecondCItyClean", "SecondCItyClean\SecondCItyClean\SecondCItyClean.csproj", "{6D0684DB-7403-42E9-AEE3-BCB6D6C91133}"
EndProject
Global
	GlobalSection(SolutionConfigurationPlatforms) = preSolution
		Ad-Hoc|Any CPU = Ad-Hoc|Any CPU
		Ad-Hoc|iPhone = Ad-Hoc|iPhone
		Ad-Hoc|iPhoneSimulator = Ad-Hoc|iPhoneSimulator
		AppStore|Any CPU = AppStore|Any CPU
		AppStore|iPhone = AppStore|iPhone
		AppStore|iPhoneSimulator = AppStore|iPhoneSimulator
		Debug|Any CPU = Debug|Any CPU
		Debug|iPhone = Debug|iPhone
		Debug|iPhoneSimulator = Debug|iPhoneSimulator
		Release|Any CPU = Release|Any CPU
		Release|iPhone = Release|iPhone
		Release|iPhoneSimulator = Release|iPhoneSimulator
	EndGlobalSection
	GlobalSection(ProjectConfigurationPlatforms) = postSolution
		{7F1BBFCD-9145-472E-8CEE-DF2206455FE8}.Ad-Hoc|Any CPU.ActiveCfg = Release|Any CPU
		{7F1BBFCD-9145-472E-8CEE-DF2206455FE8}.Ad-Hoc|Any CPU.Build.0 = Release|Any CPU
		{7F1BBFCD-9145-472E-8CEE-DF2206455FE8}.Ad-Hoc|Any CPU.Deploy.0 = Release|Any CPU
		{7F1BBFCD-9145-472E-8CEE-DF2206455FE8}.Ad-Hoc|iPhone.ActiveCfg = Release|Any CPU
		{7F1BBFCD-9145-472E-8CEE-DF2206455FE8}.Ad-Hoc|iPhone.Build.0 = Release|Any CPU
		{7F1BBFCD-9145-472E-8CEE-DF2206455FE8}.Ad-Hoc|iPhone.Deploy.0 = Release|Any CPU
		{7F1BBFCD-9145-472E-8CEE-DF2206455FE8}.Ad-Hoc|iPhoneSimulator.ActiveCfg = Release|Any CPU
		{7F1BBFCD-9145-472E-8CEE-DF2206455FE8}.Ad-Hoc|iPhoneSimulator.Build.0 = Release|Any CPU
		{7F1BBFCD-9145-472E-8CEE-DF2206455FE8}.Ad-Hoc|iPhoneSimulator.Deploy.0 = Release|Any CPU
		{7F1BBFCD-9145-472E-8CEE-DF2206455FE8}.AppStore|Any CPU.ActiveCfg = Release|Any CPU
		{7F1BBFCD-9145-472E-8CEE-DF2206455FE8}.AppStore|Any CPU.Build.0 = Release|Any CPU
		{7F1BBFCD-9145-472E-8CEE-DF2206455FE8}.AppStore|Any CPU.Deploy.0 = Release|Any CPU
		{7F1BBFCD-9145-472E-8CEE-DF2206455FE8}.AppStore|iPhone.ActiveCfg = Release|Any CPU
		{7F1BBFCD-9145-472E-8CEE-DF2206455FE8}.AppStore|iPhone.Build.0 = Release|Any CPU
		{7F1BBFCD-9145-472E-8CEE-DF2206455FE8}.AppStore|iPhone.Deploy.0 = Release|Any CPU
		{7F1BBFCD-9145-472E-8CEE-DF2206455FE8}.AppStore|iPhoneSimulator.ActiveCfg = Release|Any CPU
		{7F1BBFCD-9145-472E-8CEE-DF2206455FE8}.AppStore|iPhoneSimulator.Build.0 = Release|Any CPU
		{7F1BBFCD-9145-472E-8CEE-DF2206455FE8}.AppStore|iPhoneSimulator.Deploy.0 = Release|Any CPU
		{7F1BBFCD-9145-472E-8CEE-DF2206455FE8}.Debug|Any CPU.ActiveCfg = Debug|Any CPU
		{7F1BBFCD-9145-472E-8CEE-DF2206455FE8}.Debug|Any CPU.Build.0 = Debug|Any CPU
		{7F1BBFCD-9145-472E-8CEE-DF2206455FE8}.Debug|Any CPU.Deploy.0 = Debug|Any CPU
		{7F1BBFCD-9145-472E-8CEE-DF2206455FE8}.Debug|iPhone.ActiveCfg = Debug|Any CPU
		{7F1BBFCD-9145-472E-8CEE-DF2206455FE8}.Debug|iPhone.Build.0 = Debug|Any CPU
		{7F1BBFCD-9145-472E-8CEE-DF2206455FE8}.Debug|iPhone.Deploy.0 = Debug|Any CPU
		{7F1BBFCD-9145-472E-8CEE-DF2206455FE8}.Debug|iPhoneSimulator.ActiveCfg = Debug|Any CPU
		{7F1BBFCD-9145-472E-8CEE-DF2206455FE8}.Debug|iPhoneSimulator.Build.0 = Debug|Any CPU
		{7F1BBFCD-9145-472E-8CEE-DF2206455FE8}.Debug|iPhoneSimulator.Deploy.0 = Debug|Any CPU
		{7F1BBFCD-9145-472E-8CEE-DF2206455FE8}.Release|Any CPU.ActiveCfg = Release|Any CPU
		{7F1BBFCD-9145-472E-8CEE-DF2206455FE8}.Release|Any CPU.Build.0 = Release|Any CPU
		{7F1BBFCD-9145-472E-8CEE-DF2206455FE8}.Release|Any CPU.Deploy.0 = Release|Any CPU
		{7F1BBFCD-9145-472E-8CEE-DF2206455FE8}.Release|iPhone.ActiveCfg = Release|Any CPU
		{7F1BBFCD-9145-472E-8CEE-DF2206455FE8}.Release|iPhone.Build.0 = Release|Any CPU
		{7F1BBFCD-9145-472E-8CEE-DF2206455FE8}.Release|iPhone.Deploy.0 = Release|Any CPU
		{7F1BBFCD-9145-472E-8CEE-DF2206455FE8}.Release|iPhoneSimulator.ActiveCfg = Release|Any CPU
		{7F1BBFCD-9145-472E-8CEE-DF2206455FE8}.Release|iPhoneSimulator.Build.0 = Release|Any CPU
		{7F1BBFCD-9145-472E-8CEE-DF2206455FE8}.Release|iPhoneSimulator.Deploy.0 = Release|Any CPU
		{414CDBE3-D1BB-43F1-9BB7-29B97F790002}.Ad-Hoc|Any CPU.ActiveCfg = Ad-Hoc|iPhone
		{414CDBE3-D1BB-43F1-9BB7-29B97F790002}.Ad-Hoc|Any CPU.Build.0 = Ad-Hoc|iPhone
		{414CDBE3-D1BB-43F1-9BB7-29B97F790002}.Ad-Hoc|Any CPU.Deploy.0 = Ad-Hoc|iPhone
		{414CDBE3-D1BB-43F1-9BB7-29B97F790002}.Ad-Hoc|iPhone.ActiveCfg = Ad-Hoc|iPhone
		{414CDBE3-D1BB-43F1-9BB7-29B97F790002}.Ad-Hoc|iPhone.Build.0 = Ad-Hoc|iPhone
		{414CDBE3-D1BB-43F1-9BB7-29B97F790002}.Ad-Hoc|iPhone.Deploy.0 = Ad-Hoc|iPhone
		{414CDBE3-D1BB-43F1-9BB7-29B97F790002}.Ad-Hoc|iPhoneSimulator.ActiveCfg = Ad-Hoc|iPhoneSimulator
		{414CDBE3-D1BB-43F1-9BB7-29B97F790002}.Ad-Hoc|iPhoneSimulator.Build.0 = Ad-Hoc|iPhoneSimulator
		{414CDBE3-D1BB-43F1-9BB7-29B97F790002}.Ad-Hoc|iPhoneSimulator.Deploy.0 = Ad-Hoc|iPhoneSimulator
		{414CDBE3-D1BB-43F1-9BB7-29B97F790002}.AppStore|Any CPU.ActiveCfg = AppStore|iPhone
		{414CDBE3-D1BB-43F1-9BB7-29B97F790002}.AppStore|Any CPU.Build.0 = AppStore|iPhone
		{414CDBE3-D1BB-43F1-9BB7-29B97F790002}.AppStore|Any CPU.Deploy.0 = AppStore|iPhone
		{414CDBE3-D1BB-43F1-9BB7-29B97F790002}.AppStore|iPhone.ActiveCfg = AppStore|iPhone
		{414CDBE3-D1BB-43F1-9BB7-29B97F790002}.AppStore|iPhone.Build.0 = AppStore|iPhone
		{414CDBE3-D1BB-43F1-9BB7-29B97F790002}.AppStore|iPhone.Deploy.0 = AppStore|iPhone
		{414CDBE3-D1BB-43F1-9BB7-29B97F790002}.AppStore|iPhoneSimulator.ActiveCfg = AppStore|iPhoneSimulator
		{414CDBE3-D1BB-43F1-9BB7-29B97F790002}.AppStore|iPhoneSimulator.Build.0 = AppStore|iPhoneSimulator
		{414CDBE3-D1BB-43F1-9BB7-29B97F790002}.AppStore|iPhoneSimulator.Deploy.0 = AppStore|iPhoneSimulator
		{414CDBE3-D1BB-43F1-9BB7-29B97F790002}.Debug|Any CPU.ActiveCfg = Debug|iPhoneSimulator
		{414CDBE3-D1BB-43F1-9BB7-29B97F790002}.Debug|Any CPU.Build.0 = Debug|iPhoneSimulator
		{414CDBE3-D1BB-43F1-9BB7-29B97F790002}.Debug|Any CPU.Deploy.0 = Debug|iPhoneSimulator
		{414CDBE3-D1BB-43F1-9BB7-29B97F790002}.Debug|iPhone.ActiveCfg = Debug|iPhone
		{414CDBE3-D1BB-43F1-9BB7-29B97F790002}.Debug|iPhone.Build.0 = Debug|iPhone
		{414CDBE3-D1BB-43F1-9BB7-29B97F790002}.Debug|iPhone.Deploy.0 = Debug|iPhone
		{414CDBE3-D1BB-43F1-9BB7-29B97F790002}.Debug|iPhoneSimulator.ActiveCfg = Debug|iPhoneSimulator
		{414CDBE3-D1BB-43F1-9BB7-29B97F790002}.Debug|iPhoneSimulator.Build.0 = Debug|iPhoneSimulator
		{414CDBE3-D1BB-43F1-9BB7-29B97F790002}.Debug|iPhoneSimulator.Deploy.0 = Debug|iPhoneSimulator
		{414CDBE3-D1BB-43F1-9BB7-29B97F790002}.Release|Any CPU.ActiveCfg = Release|iPhone
		{414CDBE3-D1BB-43F1-9BB7-29B97F790002}.Release|Any CPU.Build.0 = Release|iPhone
		{414CDBE3-D1BB-43F1-9BB7-29B97F790002}.Release|Any CPU.Deploy.0 = Release|iPhone
		{414CDBE3-D1BB-43F1-9BB7-29B97F790002}.Release|iPhone.ActiveCfg = Release|iPhone
		{414CDBE3-D1BB-43F1-9BB7-29B97F790002}.Release|iPhone.Build.0 = Release|iPhone
		{414CDBE3-D1BB-43F1-9BB7-29B97F790002}.Release|iPhone.Deploy.0 = Release|iPhone
		{414CDBE3-D1BB-43F1-9BB7-29B97F790002}.Release|iPhoneSimulator.ActiveCfg = Release|iPhoneSimulator
		{414CDBE3-D1BB-43F1-9BB7-29B97F790002}.Release|iPhoneSimulator.Build.0 = Release|iPhoneSimulator
		{414CDBE3-D1BB-43F1-9BB7-29B97F790002}.Release|iPhoneSimulator.Deploy.0 = Release|iPhoneSimulator
		{6D0684DB-7403-42E9-AEE3-BCB6D6C91133}.Ad-Hoc|Any CPU.ActiveCfg = Debug|Any CPU
		{6D0684DB-7403-42E9-AEE3-BCB6D6C91133}.Ad-Hoc|Any CPU.Build.0 = Debug|Any CPU
		{6D0684DB-7403-42E9-AEE3-BCB6D6C91133}.Ad-Hoc|Any CPU.Deploy.0 = Debug|Any CPU
		{6D0684DB-7403-42E9-AEE3-BCB6D6C91133}.Ad-Hoc|iPhone.ActiveCfg = Debug|Any CPU
		{6D0684DB-7403-42E9-AEE3-BCB6D6C91133}.Ad-Hoc|iPhone.Build.0 = Debug|Any CPU
		{6D0684DB-7403-42E9-AEE3-BCB6D6C91133}.Ad-Hoc|iPhone.Deploy.0 = Debug|Any CPU
		{6D0684DB-7403-42E9-AEE3-BCB6D6C91133}.Ad-Hoc|iPhoneSimulator.ActiveCfg = Debug|Any CPU
		{6D0684DB-7403-42E9-AEE3-BCB6D6C91133}.Ad-Hoc|iPhoneSimulator.Build.0 = Debug|Any CPU
		{6D0684DB-7403-42E9-AEE3-BCB6D6C91133}.Ad-Hoc|iPhoneSimulator.Deploy.0 = Debug|Any CPU
		{6D0684DB-7403-42E9-AEE3-BCB6D6C91133}.AppStore|Any CPU.ActiveCfg = Debug|Any CPU
		{6D0684DB-7403-42E9-AEE3-BCB6D6C91133}.AppStore|Any CPU.Build.0 = Debug|Any CPU
		{6D0684DB-7403-42E9-AEE3-BCB6D6C91133}.AppStore|Any CPU.Deploy.0 = Debug|Any CPU
		{6D0684DB-7403-42E9-AEE3-BCB6D6C91133}.AppStore|iPhone.ActiveCfg = Debug|Any CPU
		{6D0684DB-7403-42E9-AEE3-BCB6D6C91133}.AppStore|iPhone.Build.0 = Debug|Any CPU
		{6D0684DB-7403-42E9-AEE3-BCB6D6C91133}.AppStore|iPhone.Deploy.0 = Debug|Any CPU
		{6D0684DB-7403-42E9-AEE3-BCB6D6C91133}.AppStore|iPhoneSimulator.ActiveCfg = Debug|Any CPU
		{6D0684DB-7403-42E9-AEE3-BCB6D6C91133}.AppStore|iPhoneSimulator.Build.0 = Debug|Any CPU
		{6D0684DB-7403-42E9-AEE3-BCB6D6C91133}.AppStore|iPhoneSimulator.Deploy.0 = Debug|Any CPU
		{6D0684DB-7403-42E9-AEE3-BCB6D6C91133}.Debug|Any CPU.ActiveCfg = Debug|Any CPU
		{6D0684DB-7403-42E9-AEE3-BCB6D6C91133}.Debug|Any CPU.Build.0 = Debug|Any CPU
		{6D0684DB-7403-42E9-AEE3-BCB6D6C91133}.Debug|Any CPU.Deploy.0 = Debug|Any CPU
		{6D0684DB-7403-42E9-AEE3-BCB6D6C91133}.Debug|iPhone.ActiveCfg = Debug|Any CPU
		{6D0684DB-7403-42E9-AEE3-BCB6D6C91133}.Debug|iPhone.Build.0 = Debug|Any CPU
		{6D0684DB-7403-42E9-AEE3-BCB6D6C91133}.Debug|iPhone.Deploy.0 = Debug|Any CPU
		{6D0684DB-7403-42E9-AEE3-BCB6D6C91133}.Debug|iPhoneSimulator.ActiveCfg = Debug|Any CPU
		{6D0684DB-7403-42E9-AEE3-BCB6D6C91133}.Debug|iPhoneSimulator.Build.0 = Debug|Any CPU
		{6D0684DB-7403-42E9-AEE3-BCB6D6C91133}.Debug|iPhoneSimulator.Deploy.0 = Debug|Any CPU
		{6D0684DB-7403-42E9-AEE3-BCB6D6C91133}.Release|Any CPU.ActiveCfg = Release|Any CPU
		{6D0684DB-7403-42E9-AEE3-BCB6D6C91133}.Release|Any CPU.Build.0 = Release|Any CPU
		{6D0684DB-7403-42E9-AEE3-BCB6D6C91133}.Release|Any CPU.Deploy.0 = Release|Any CPU
		{6D0684DB-7403-42E9-AEE3-BCB6D6C91133}.Release|iPhone.ActiveCfg = Release|Any CPU
		{6D0684DB-7403-42E9-AEE3-BCB6D6C91133}.Release|iPhone.Build.0 = Release|Any CPU
		{6D0684DB-7403-42E9-AEE3-BCB6D6C91133}.Release|iPhone.Deploy.0 = Release|Any CPU
		{6D0684DB-7403-42E9-AEE3-BCB6D6C91133}.Release|iPhoneSimulator.ActiveCfg = Release|Any CPU
		{6D0684DB-7403-42E9-AEE3-BCB6D6C91133}.Release|iPhoneSimulator.Build.0 = Release|Any CPU
		{6D0684DB-7403-42E9-AEE3-BCB6D6C91133}.Release|iPhoneSimulator.Deploy.0 = Release|Any CPU
	EndGlobalSection
	GlobalSection(SolutionProperties) = preSolution
		HideSolutionNode = FALSE
	EndGlobalSection
	GlobalSection(ExtensibilityGlobals) = postSolution
		SolutionGuid = {601D79BE-F8B1-4011-B027-8E495D54E862}
	EndGlobalSection
EndGlobal
